<?xml version="1.0" encoding="utf-8"?>
<Project ToolsVersion="4.0" xmlns="http://schemas.microsoft.com/developer/msbuild/2003">
  <ItemGroup>
    <Filter Include="リソース ファイル">
      <UniqueIdentifier>{67DA6AB6-F800-4c08-8B7A-83BB121AAD01}</UniqueIdentifier>
      <Extensions>rc;ico;cur;bmp;dlg;rc2;rct;bin;rgs;gif;jpg;jpeg;jpe;resx;tiff;tif;png;wav;mfcribbon-ms</Extensions>
    </Filter>
    <Filter Include="KamtaEngine">
      <UniqueIdentifier>{55a9bd6e-9cfa-405b-a1a4-1cf38263c8c7}</UniqueIdentifier>
    </Filter>
    <Filter Include="KamtaEngine\ヘッダー ファイル">
      <UniqueIdentifier>{93995380-89BD-4b04-88EB-625FBE52EBFB}</UniqueIdentifier>
      <Extensions>h;hh;hpp;hxx;h++;hm;inl;inc;ipp;xsd</Extensions>
    </Filter>
    <Filter Include="KamtaEngine\ヘッダー ファイル\3d">
      <UniqueIdentifier>{8ccef709-d514-43f7-ad35-629a9edd5057}</UniqueIdentifier>
    </Filter>
    <Filter Include="KamtaEngine\ヘッダー ファイル\2d">
      <UniqueIdentifier>{96135050-efba-425e-a9fe-8881bd7caad8}</UniqueIdentifier>
    </Filter>
    <Filter Include="KamtaEngine\ヘッダー ファイル\audo">
      <UniqueIdentifier>{3a0044cc-1b7d-4ed5-a1a6-9074ed1b1769}</UniqueIdentifier>
    </Filter>
    <Filter Include="KamtaEngine\ヘッダー ファイル\base">
      <UniqueIdentifier>{74394124-7d35-4440-8404-7b478262b455}</UniqueIdentifier>
    </Filter>
    <Filter Include="KamtaEngine\ヘッダー ファイル\input">
      <UniqueIdentifier>{d461f61e-3cc4-4b11-b521-37a61c927ae5}</UniqueIdentifier>
    </Filter>
    <Filter Include="KamtaEngine\ヘッダー ファイル\math">
      <UniqueIdentifier>{647f4977-924a-4954-923f-5619e5afc9a3}</UniqueIdentifier>
    </Filter>
    <Filter Include="KamtaEngine\ソース ファイル">
      <UniqueIdentifier>{4FC737F1-C7A5-4376-A066-2A32D752A2FF}</UniqueIdentifier>
      <Extensions>cpp;c;cc;cxx;c++;cppm;ixx;def;odl;idl;hpj;bat;asm;asmx</Extensions>
    </Filter>
    <Filter Include="KamtaEngine\ソース ファイル\base">
      <UniqueIdentifier>{551d5cf3-f4a6-49b9-832f-076a33cef817}</UniqueIdentifier>
    </Filter>
    <Filter Include="KamtaEngine\ソース ファイル\input">
      <UniqueIdentifier>{337d978c-44b1-4af3-811b-c5f6f355f7de}</UniqueIdentifier>
    </Filter>
    <Filter Include="KamtaEngine\ソース ファイル\math">
      <UniqueIdentifier>{4c21a99e-f783-4367-bdcb-0ebd1d434719}</UniqueIdentifier>
    </Filter>
    <Filter Include="src">
      <UniqueIdentifier>{f5206fe3-af76-44f8-9588-f26bf32beb6a}</UniqueIdentifier>
    </Filter>
    <Filter Include="src\Player">
      <UniqueIdentifier>{38c78f00-0260-4b94-a307-a2d039fe988e}</UniqueIdentifier>
    </Filter>
    <Filter Include="src\Player\ヘッダーファイル">
      <UniqueIdentifier>{a26933a0-5491-4241-ac47-da08eaee0f73}</UniqueIdentifier>
    </Filter>
    <Filter Include="src\Player\ソースファイル">
      <UniqueIdentifier>{cfbd3185-8df4-4f95-9606-599b78be3d31}</UniqueIdentifier>
    </Filter>
    <Filter Include="src\Enemy">
      <UniqueIdentifier>{9bde3af1-f797-482e-acb8-f2d7b9a5616b}</UniqueIdentifier>
    </Filter>
    <Filter Include="src\Enemy\ヘッダーファイル">
      <UniqueIdentifier>{c24f8e46-5b6a-4ebb-a35f-ea47c0ffd4fb}</UniqueIdentifier>
    </Filter>
    <Filter Include="src\Enemy\ソースファイル">
      <UniqueIdentifier>{b0aac99c-56bf-4cdc-bae8-39f29a197434}</UniqueIdentifier>
    </Filter>
    <Filter Include="KamtaEngine\シェーダー ファイル">
      <UniqueIdentifier>{718c7f4c-fc51-40ad-a221-b9456a7a1a3c}</UniqueIdentifier>
    </Filter>
    <Filter Include="src\scene">
      <UniqueIdentifier>{8f83101b-6ce3-4c73-a4d3-5052382dedab}</UniqueIdentifier>
    </Filter>
    <Filter Include="src\scene\ヘッダーファイル">
      <UniqueIdentifier>{ee1de21d-73eb-4e89-9b42-6dbc9101c1f4}</UniqueIdentifier>
    </Filter>
    <Filter Include="src\scene\ソースファイル">
      <UniqueIdentifier>{38f3021b-7be1-4aca-b253-b5d2d0a420ea}</UniqueIdentifier>
    </Filter>
    <Filter Include="src\skydome">
      <UniqueIdentifier>{f64ca8cd-28b1-48c0-95d3-0abc6371760e}</UniqueIdentifier>
    </Filter>
    <Filter Include="src\skydome\ヘッダーファイル">
      <UniqueIdentifier>{2293171e-894f-4a65-8f10-512cbba29f43}</UniqueIdentifier>
    </Filter>
    <Filter Include="src\skydome\ソースファイル">
      <UniqueIdentifier>{71f42c2c-cc0d-40bc-9455-b93b80a3d94f}</UniqueIdentifier>
    </Filter>
    <Filter Include="src\RailCamera">
      <UniqueIdentifier>{e1de848f-a942-4d5e-927d-e2992720d670}</UniqueIdentifier>
    </Filter>
    <Filter Include="src\RailCamera\ソースファイル">
      <UniqueIdentifier>{cf2f2cdb-4135-45ac-8b3c-13a6bc36c730}</UniqueIdentifier>
    </Filter>
    <Filter Include="src\RailCamera\ヘッダーファイル">
      <UniqueIdentifier>{1a13ed27-83a1-4ae5-a155-738028d40a7b}</UniqueIdentifier>
    </Filter>
  </ItemGroup>
  <ItemGroup>
    <ClCompile Include="lib\KamataEngine\base\DirectXCommon.cpp">
      <Filter>KamtaEngine\ソース ファイル\base</Filter>
    </ClCompile>
    <ClCompile Include="lib\KamataEngine\base\TextureManager.cpp">
      <Filter>KamtaEngine\ソース ファイル\base</Filter>
    </ClCompile>
    <ClCompile Include="lib\KamataEngine\base\WinApp.cpp">
      <Filter>KamtaEngine\ソース ファイル\base</Filter>
    </ClCompile>
    <ClCompile Include="lib\KamataEngine\math\MyMath.cpp">
      <Filter>KamtaEngine\ソース ファイル\math</Filter>
    </ClCompile>
    <ClCompile Include="src\Controllers\GameObject\Player\Player.cpp">
      <Filter>src\Player\ソースファイル</Filter>
    </ClCompile>
    <ClCompile Include="src\Controllers\GameObject\Player\PlayerBullet.cpp">
      <Filter>src\Player\ソースファイル</Filter>
    </ClCompile>
    <ClCompile Include="src\main.cpp" />
    <ClCompile Include="src\Controllers\GameObject\Enemy\Enemy.cpp">
      <Filter>src\Enemy\ソースファイル</Filter>
    </ClCompile>
    <ClCompile Include="src\Controllers\GameObject\Enemy\EnemyBullet.cpp">
      <Filter>src\Enemy\ソースファイル</Filter>
    </ClCompile>
    <ClCompile Include="src\Controllers\scene\GameScene.cpp">
      <Filter>src\scene\ソースファイル</Filter>
    </ClCompile>
    <ClCompile Include="src\Controllers\Skydom\Skydome.cpp">
      <Filter>src\skydome\ソースファイル</Filter>
    </ClCompile>
    <ClCompile Include="src\Controllers\RailCamera\RailCamera.cpp">
      <Filter>src\RailCamera\ソースファイル</Filter>
    </ClCompile>
  </ItemGroup>
  <ItemGroup>
    <ClInclude Include="lib\KamataEngine\3d\AxisIndicator.h">
      <Filter>KamtaEngine\ヘッダー ファイル\3d</Filter>
    </ClInclude>
    <ClInclude Include="lib\KamataEngine\3d\CircleShadow.h">
      <Filter>KamtaEngine\ヘッダー ファイル\3d</Filter>
    </ClInclude>
    <ClInclude Include="lib\KamataEngine\3d\DebugCamera.h">
      <Filter>KamtaEngine\ヘッダー ファイル\3d</Filter>
    </ClInclude>
    <ClInclude Include="lib\KamataEngine\3d\DirectionalLight.h">
      <Filter>KamtaEngine\ヘッダー ファイル\3d</Filter>
    </ClInclude>
    <ClInclude Include="lib\KamataEngine\3d\LightGroup.h">
      <Filter>KamtaEngine\ヘッダー ファイル\3d</Filter>
    </ClInclude>
    <ClInclude Include="lib\KamataEngine\3d\Material.h">
      <Filter>KamtaEngine\ヘッダー ファイル\3d</Filter>
    </ClInclude>
    <ClInclude Include="lib\KamataEngine\3d\Mesh.h">
      <Filter>KamtaEngine\ヘッダー ファイル\3d</Filter>
    </ClInclude>
    <ClInclude Include="lib\KamataEngine\3d\Model.h">
      <Filter>KamtaEngine\ヘッダー ファイル\3d</Filter>
    </ClInclude>
    <ClInclude Include="lib\KamataEngine\3d\PointLight.h">
      <Filter>KamtaEngine\ヘッダー ファイル\3d</Filter>
    </ClInclude>
    <ClInclude Include="lib\KamataEngine\3d\PrimitiveDrawer.h">
      <Filter>KamtaEngine\ヘッダー ファイル\3d</Filter>
    </ClInclude>
    <ClInclude Include="lib\KamataEngine\3d\SpotLight.h">
      <Filter>KamtaEngine\ヘッダー ファイル\3d</Filter>
    </ClInclude>
    <ClInclude Include="lib\KamataEngine\3d\ViewProjection.h">
      <Filter>KamtaEngine\ヘッダー ファイル\3d</Filter>
    </ClInclude>
    <ClInclude Include="lib\KamataEngine\3d\WorldTransform.h">
      <Filter>KamtaEngine\ヘッダー ファイル\3d</Filter>
    </ClInclude>
    <ClInclude Include="lib\KamataEngine\audio\Audio.h">
      <Filter>KamtaEngine\ヘッダー ファイル\audo</Filter>
    </ClInclude>
    <ClInclude Include="lib\KamataEngine\base\DirectXCommon.h">
      <Filter>KamtaEngine\ヘッダー ファイル\base</Filter>
    </ClInclude>
    <ClInclude Include="lib\KamataEngine\base\SafeDelete.h">
      <Filter>KamtaEngine\ヘッダー ファイル\base</Filter>
    </ClInclude>
    <ClInclude Include="lib\KamataEngine\base\TextureManager.h">
      <Filter>KamtaEngine\ヘッダー ファイル\base</Filter>
    </ClInclude>
    <ClInclude Include="lib\KamataEngine\base\WinApp.h">
      <Filter>KamtaEngine\ヘッダー ファイル\base</Filter>
    </ClInclude>
    <ClInclude Include="lib\KamataEngine\input\Input.h">
      <Filter>KamtaEngine\ヘッダー ファイル\input</Filter>
    </ClInclude>
    <ClInclude Include="lib\KamataEngine\math\MathUtility.h">
      <Filter>KamtaEngine\ヘッダー ファイル\math</Filter>
    </ClInclude>
    <ClInclude Include="lib\KamataEngine\math\Matrix4.h">
      <Filter>KamtaEngine\ヘッダー ファイル\math</Filter>
    </ClInclude>
    <ClInclude Include="lib\KamataEngine\math\Vector2.h">
      <Filter>KamtaEngine\ヘッダー ファイル\math</Filter>
    </ClInclude>
    <ClInclude Include="lib\KamataEngine\math\Vector3.h">
      <Filter>KamtaEngine\ヘッダー ファイル\math</Filter>
    </ClInclude>
    <ClInclude Include="lib\KamataEngine\math\Vector4.h">
      <Filter>KamtaEngine\ヘッダー ファイル\math</Filter>
    </ClInclude>
    <ClInclude Include="lib\KamataEngine\math\MyMath.h">
      <Filter>KamtaEngine\ヘッダー ファイル\math</Filter>
    </ClInclude>
    <ClInclude Include="src\Models\GameObject\Player\Player.h">
      <Filter>src\Player\ヘッダーファイル</Filter>
    </ClInclude>
    <ClInclude Include="lib\KamataEngine\2d\DebugText.h">
      <Filter>KamtaEngine\ヘッダー ファイル\2d</Filter>
    </ClInclude>
    <ClInclude Include="lib\KamataEngine\2d\Sprite.h">
      <Filter>KamtaEngine\ヘッダー ファイル\2d</Filter>
    </ClInclude>
    <ClInclude Include="src\Models\GameObject\Enemy\Enemy.h">
      <Filter>src\Enemy\ヘッダーファイル</Filter>
    </ClInclude>
    <ClInclude Include="src\Models\GameObject\Enemy\EnemyBullet.h">
      <Filter>src\Enemy\ヘッダーファイル</Filter>
    </ClInclude>
    <ClInclude Include="src\Models\skydom\Skydome.h">
      <Filter>src\skydome\ヘッダーファイル</Filter>
    </ClInclude>
    <ClInclude Include="src\Models\scene\GameScene.h">
      <Filter>src\scene\ヘッダーファイル</Filter>
    </ClInclude>
    <ClInclude Include="src\Models\GameObject\Player\PlayerBullet.h">
      <Filter>src\Player\ヘッダーファイル</Filter>
    </ClInclude>
    <ClInclude Include="src\Models\RailCamera\RailCamera.h">
      <Filter>src\RailCamera\ヘッダーファイル</Filter>
    </ClInclude>
  </ItemGroup>
  <ItemGroup>
    <FxCompile Include="Resources\shaders\SpritePS.hlsl">
      <Filter>KamtaEngine\シェーダー ファイル</Filter>
    </FxCompile>
    <FxCompile Include="Resources\shaders\SpriteVS.hlsl">
      <Filter>KamtaEngine\シェーダー ファイル</Filter>
    </FxCompile>
    <FxCompile Include="Resources\shaders\ShapeVS.hlsl">
      <Filter>KamtaEngine\シェーダー ファイル</Filter>
    </FxCompile>
    <FxCompile Include="Resources\shaders\ShapePS.hlsl">
      <Filter>KamtaEngine\シェーダー ファイル</Filter>
    </FxCompile>
    <FxCompile Include="Resources\shaders\ObjPS.hlsl">
      <Filter>KamtaEngine\シェーダー ファイル</Filter>
    </FxCompile>
    <FxCompile Include="Resources\shaders\ObjVS.hlsl">
      <Filter>KamtaEngine\シェーダー ファイル</Filter>
    </FxCompile>
    <FxCompile Include="Resources\shaders\PrimitivePS.hlsl">
      <Filter>KamtaEngine\シェーダー ファイル</Filter>
    </FxCompile>
    <FxCompile Include="Resources\shaders\PrimitiveVS.hlsl">
      <Filter>KamtaEngine\シェーダー ファイル</Filter>
    </FxCompile>
  </ItemGroup>
  <ItemGroup>
    <None Include="Resources\shaders\Sprite.hlsli">
      <Filter>KamtaEngine\シェーダー ファイル</Filter>
    </None>
    <None Include="Resources\shaders\Shape.hlsli">
      <Filter>KamtaEngine\シェーダー ファイル</Filter>
    </None>
    <None Include="Resources\shaders\Obj.hlsli">
      <Filter>KamtaEngine\シェーダー ファイル</Filter>
    </None>
    <None Include="Resources\shaders\Primitive.hlsli">
      <Filter>KamtaEngine\シェーダー ファイル</Filter>
    </None>
  </ItemGroup>
</Project>